// !$*UTF8*$!
{
	archiveVersion = 1;
	classes = {
	};
	objectVersion = 46;
	objects = {

/* Begin PBXBuildFile section */
		33647AED1D04209C007FDF2F /* data.db in Resources */ = {isa = PBXBuildFile; fileRef = 33647AEC1D04209C007FDF2F /* data.db */; };
		33647AF61D0420EA007FDF2F /* libsqlite3.0.tbd in Frameworks */ = {isa = PBXBuildFile; fileRef = 33647AF51D0420EA007FDF2F /* libsqlite3.0.tbd */; };
		33647AFC1D0421A0007FDF2F /* SQLiteDB.swift in Sources */ = {isa = PBXBuildFile; fileRef = 33647AF91D0421A0007FDF2F /* SQLiteDB.swift */; };
		33647AFD1D0421A0007FDF2F /* SQLTable.swift in Sources */ = {isa = PBXBuildFile; fileRef = 33647AFA1D0421A0007FDF2F /* SQLTable.swift */; };
		33647AFE1D0421A0007FDF2F /* String-Extras.swift in Sources */ = {isa = PBXBuildFile; fileRef = 33647AFB1D0421A0007FDF2F /* String-Extras.swift */; };
		33FA9FA81CCE3C6A00F74FF3 /* AppDelegate.swift in Sources */ = {isa = PBXBuildFile; fileRef = 33FA9FA71CCE3C6A00F74FF3 /* AppDelegate.swift */; };
		33FA9FAA1CCE3C6A00F74FF3 /* ViewController.swift in Sources */ = {isa = PBXBuildFile; fileRef = 33FA9FA91CCE3C6A00F74FF3 /* ViewController.swift */; };
		33FA9FAD1CCE3C6A00F74FF3 /* Main.storyboard in Resources */ = {isa = PBXBuildFile; fileRef = 33FA9FAB1CCE3C6A00F74FF3 /* Main.storyboard */; };
		33FA9FAF1CCE3C6B00F74FF3 /* Assets.xcassets in Resources */ = {isa = PBXBuildFile; fileRef = 33FA9FAE1CCE3C6B00F74FF3 /* Assets.xcassets */; };
		33FA9FB21CCE3C6B00F74FF3 /* LaunchScreen.storyboard in Resources */ = {isa = PBXBuildFile; fileRef = 33FA9FB01CCE3C6B00F74FF3 /* LaunchScreen.storyboard */; };
		33FA9FBD1CCE3C6B00F74FF3 /* ___Tests.swift in Sources */ = {isa = PBXBuildFile; fileRef = 33FA9FBC1CCE3C6B00F74FF3 /* ___Tests.swift */; };
		33FA9FC81CCE3C6B00F74FF3 /* ___UITests.swift in Sources */ = {isa = PBXBuildFile; fileRef = 33FA9FC71CCE3C6B00F74FF3 /* ___UITests.swift */; };
		BE85BD251D196256008BFE86 /* laoying.jpg in Resources */ = {isa = PBXBuildFile; fileRef = BE85BD241D196256008BFE86 /* laoying.jpg */; };
		BE85BD271D19625D008BFE86 /* qishi.jpg in Resources */ = {isa = PBXBuildFile; fileRef = BE85BD261D19625D008BFE86 /* qishi.jpg */; };
/* End PBXBuildFile section */

/* Begin PBXContainerItemProxy section */
		33FA9FB91CCE3C6B00F74FF3 /* PBXContainerItemProxy */ = {
			isa = PBXContainerItemProxy;
			containerPortal = 33FA9F9C1CCE3C6A00F74FF3 /* Project object */;
			proxyType = 1;
			remoteGlobalIDString = 33FA9FA31CCE3C6A00F74FF3;
			remoteInfo = "计分器";
		};
		33FA9FC41CCE3C6B00F74FF3 /* PBXContainerItemProxy */ = {
			isa = PBXContainerItemProxy;
			containerPortal = 33FA9F9C1CCE3C6A00F74FF3 /* Project object */;
			proxyType = 1;
			remoteGlobalIDString = 33FA9FA31CCE3C6A00F74FF3;
			remoteInfo = "计分器";
		};
/* End PBXContainerItemProxy section */

/* Begin PBXFileReference section */
		33647AEC1D04209C007FDF2F /* data.db */ = {isa = PBXFileReference; fileEncoding = 4; lastKnownFileType = text; path = data.db; sourceTree = "<group>"; };
		33647AF51D0420EA007FDF2F /* libsqlite3.0.tbd */ = {isa = PBXFileReference; lastKnownFileType = "sourcecode.text-based-dylib-definition"; name = libsqlite3.0.tbd; path = usr/lib/libsqlite3.0.tbd; sourceTree = SDKROOT; };
		33647AF71D04210A007FDF2F /* Header.h */ = {isa = PBXFileReference; lastKnownFileType = sourcecode.c.h; path = Header.h; sourceTree = "<group>"; };
		33647AF91D0421A0007FDF2F /* SQLiteDB.swift */ = {isa = PBXFileReference; fileEncoding = 4; lastKnownFileType = sourcecode.swift; name = SQLiteDB.swift; path = "../../hangge_645-3/SQLiteDB/SQLiteDB.swift"; sourceTree = "<group>"; };
		33647AFA1D0421A0007FDF2F /* SQLTable.swift */ = {isa = PBXFileReference; fileEncoding = 4; lastKnownFileType = sourcecode.swift; name = SQLTable.swift; path = "../../hangge_645-3/SQLiteDB/SQLTable.swift"; sourceTree = "<group>"; };
		33647AFB1D0421A0007FDF2F /* String-Extras.swift */ = {isa = PBXFileReference; fileEncoding = 4; lastKnownFileType = sourcecode.swift; name = "String-Extras.swift"; path = "../../hangge_645-3/SQLiteDB/String-Extras.swift"; sourceTree = "<group>"; };
		33FA9FA41CCE3C6A00F74FF3 /* 计分器.app */ = {isa = PBXFileReference; explicitFileType = wrapper.application; includeInIndex = 0; path = "计分器.app"; sourceTree = BUILT_PRODUCTS_DIR; };
		33FA9FA71CCE3C6A00F74FF3 /* AppDelegate.swift */ = {isa = PBXFileReference; lastKnownFileType = sourcecode.swift; path = AppDelegate.swift; sourceTree = "<group>"; };
		33FA9FA91CCE3C6A00F74FF3 /* ViewController.swift */ = {isa = PBXFileReference; lastKnownFileType = sourcecode.swift; path = ViewController.swift; sourceTree = "<group>"; };
		33FA9FAC1CCE3C6A00F74FF3 /* Base */ = {isa = PBXFileReference; lastKnownFileType = file.storyboard; name = Base; path = Base.lproj/Main.storyboard; sourceTree = "<group>"; };
		33FA9FAE1CCE3C6B00F74FF3 /* Assets.xcassets */ = {isa = PBXFileReference; lastKnownFileType = folder.assetcatalog; path = Assets.xcassets; sourceTree = "<group>"; };
		33FA9FB11CCE3C6B00F74FF3 /* Base */ = {isa = PBXFileReference; lastKnownFileType = file.storyboard; name = Base; path = Base.lproj/LaunchScreen.storyboard; sourceTree = "<group>"; };
		33FA9FB31CCE3C6B00F74FF3 /* Info.plist */ = {isa = PBXFileReference; lastKnownFileType = text.plist.xml; path = Info.plist; sourceTree = "<group>"; };
		33FA9FB81CCE3C6B00F74FF3 /* 计分器Tests.xctest */ = {isa = PBXFileReference; explicitFileType = wrapper.cfbundle; includeInIndex = 0; path = "计分器Tests.xctest"; sourceTree = BUILT_PRODUCTS_DIR; };
		33FA9FBC1CCE3C6B00F74FF3 /* ___Tests.swift */ = {isa = PBXFileReference; lastKnownFileType = sourcecode.swift; path = "___Tests.swift"; sourceTree = "<group>"; };
		33FA9FBE1CCE3C6B00F74FF3 /* Info.plist */ = {isa = PBXFileReference; lastKnownFileType = text.plist.xml; path = Info.plist; sourceTree = "<group>"; };
		33FA9FC31CCE3C6B00F74FF3 /* 计分器UITests.xctest */ = {isa = PBXFileReference; explicitFileType = wrapper.cfbundle; includeInIndex = 0; path = "计分器UITests.xctest"; sourceTree = BUILT_PRODUCTS_DIR; };
		33FA9FC71CCE3C6B00F74FF3 /* ___UITests.swift */ = {isa = PBXFileReference; lastKnownFileType = sourcecode.swift; path = "___UITests.swift"; sourceTree = "<group>"; };
		33FA9FC91CCE3C6B00F74FF3 /* Info.plist */ = {isa = PBXFileReference; lastKnownFileType = text.plist.xml; path = Info.plist; sourceTree = "<group>"; };
		BE85BD241D196256008BFE86 /* laoying.jpg */ = {isa = PBXFileReference; lastKnownFileType = image.jpeg; name = laoying.jpg; path = ../../../laoying.jpg; sourceTree = "<group>"; };
		BE85BD261D19625D008BFE86 /* qishi.jpg */ = {isa = PBXFileReference; lastKnownFileType = image.jpeg; name = qishi.jpg; path = ../../../qishi.jpg; sourceTree = "<group>"; };
/* End PBXFileReference section */

/* Begin PBXFrameworksBuildPhase section */
		33FA9FA11CCE3C6A00F74FF3 /* Frameworks */ = {
			isa = PBXFrameworksBuildPhase;
			buildActionMask = 2147483647;
			files = (
				33647AF61D0420EA007FDF2F /* libsqlite3.0.tbd in Frameworks */,
			);
			runOnlyForDeploymentPostprocessing = 0;
		};
		33FA9FB51CCE3C6B00F74FF3 /* Frameworks */ = {
			isa = PBXFrameworksBuildPhase;
			buildActionMask = 2147483647;
			files = (
			);
			runOnlyForDeploymentPostprocessing = 0;
		};
		33FA9FC01CCE3C6B00F74FF3 /* Frameworks */ = {
			isa = PBXFrameworksBuildPhase;
			buildActionMask = 2147483647;
			files = (
			);
			runOnlyForDeploymentPostprocessing = 0;
		};
/* End PBXFrameworksBuildPhase section */

/* Begin PBXGroup section */
		33647AF81D04218B007FDF2F /* db */ = {
			isa = PBXGroup;
			children = (
				33647AF91D0421A0007FDF2F /* SQLiteDB.swift */,
				33647AFA1D0421A0007FDF2F /* SQLTable.swift */,
				33647AFB1D0421A0007FDF2F /* String-Extras.swift */,
			);
			name = db;
			sourceTree = "<group>";
		};
		33FA9F9B1CCE3C6A00F74FF3 = {
			isa = PBXGroup;
			children = (
				33647AF81D04218B007FDF2F /* db */,
				33647AF51D0420EA007FDF2F /* libsqlite3.0.tbd */,
				33647AEC1D04209C007FDF2F /* data.db */,
				33FA9FA61CCE3C6A00F74FF3 /* 计分器 */,
				33FA9FBB1CCE3C6B00F74FF3 /* 计分器Tests */,
				33FA9FC61CCE3C6B00F74FF3 /* 计分器UITests */,
				33FA9FA51CCE3C6A00F74FF3 /* Products */,
			);
			sourceTree = "<group>";
		};
		33FA9FA51CCE3C6A00F74FF3 /* Products */ = {
			isa = PBXGroup;
			children = (
				33FA9FA41CCE3C6A00F74FF3 /* 计分器.app */,
				33FA9FB81CCE3C6B00F74FF3 /* 计分器Tests.xctest */,
				33FA9FC31CCE3C6B00F74FF3 /* 计分器UITests.xctest */,
			);
			name = Products;
			sourceTree = "<group>";
		};
		33FA9FA61CCE3C6A00F74FF3 /* 计分器 */ = {
			isa = PBXGroup;
			children = (
				BE85BD261D19625D008BFE86 /* qishi.jpg */,
				BE85BD241D196256008BFE86 /* laoying.jpg */,
				33FA9FA71CCE3C6A00F74FF3 /* AppDelegate.swift */,
				33FA9FA91CCE3C6A00F74FF3 /* ViewController.swift */,
				33FA9FAB1CCE3C6A00F74FF3 /* Main.storyboard */,
				33FA9FAE1CCE3C6B00F74FF3 /* Assets.xcassets */,
				33FA9FB01CCE3C6B00F74FF3 /* LaunchScreen.storyboard */,
				33FA9FB31CCE3C6B00F74FF3 /* Info.plist */,
				33647AF71D04210A007FDF2F /* Header.h */,
			);
			path = "计分器";
			sourceTree = "<group>";
		};
		33FA9FBB1CCE3C6B00F74FF3 /* 计分器Tests */ = {
			isa = PBXGroup;
			children = (
				33FA9FBC1CCE3C6B00F74FF3 /* ___Tests.swift */,
				33FA9FBE1CCE3C6B00F74FF3 /* Info.plist */,
			);
			path = "计分器Tests";
			sourceTree = "<group>";
		};
		33FA9FC61CCE3C6B00F74FF3 /* 计分器UITests */ = {
			isa = PBXGroup;
			children = (
				33FA9FC71CCE3C6B00F74FF3 /* ___UITests.swift */,
				33FA9FC91CCE3C6B00F74FF3 /* Info.plist */,
			);
			path = "计分器UITests";
			sourceTree = "<group>";
		};
/* End PBXGroup section */

/* Begin PBXNativeTarget section */
		33FA9FA31CCE3C6A00F74FF3 /* 计分器 */ = {
			isa = PBXNativeTarget;
			buildConfigurationList = 33FA9FCC1CCE3C6B00F74FF3 /* Build configuration list for PBXNativeTarget "计分器" */;
			buildPhases = (
				33FA9FA01CCE3C6A00F74FF3 /* Sources */,
				33FA9FA11CCE3C6A00F74FF3 /* Frameworks */,
				33FA9FA21CCE3C6A00F74FF3 /* Resources */,
			);
			buildRules = (
			);
			dependencies = (
			);
			name = "计分器";
			productName = "计分器";
			productReference = 33FA9FA41CCE3C6A00F74FF3 /* 计分器.app */;
			productType = "com.apple.product-type.application";
		};
		33FA9FB71CCE3C6B00F74FF3 /* 计分器Tests */ = {
			isa = PBXNativeTarget;
			buildConfigurationList = 33FA9FCF1CCE3C6B00F74FF3 /* Build configuration list for PBXNativeTarget "计分器Tests" */;
			buildPhases = (
				33FA9FB41CCE3C6B00F74FF3 /* Sources */,
				33FA9FB51CCE3C6B00F74FF3 /* Frameworks */,
				33FA9FB61CCE3C6B00F74FF3 /* Resources */,
			);
			buildRules = (
			);
			dependencies = (
				33FA9FBA1CCE3C6B00F74FF3 /* PBXTargetDependency */,
			);
			name = "计分器Tests";
			productName = "计分器Tests";
			productReference = 33FA9FB81CCE3C6B00F74FF3 /* 计分器Tests.xctest */;
			productType = "com.apple.product-type.bundle.unit-test";
		};
		33FA9FC21CCE3C6B00F74FF3 /* 计分器UITests */ = {
			isa = PBXNativeTarget;
			buildConfigurationList = 33FA9FD21CCE3C6B00F74FF3 /* Build configuration list for PBXNativeTarget "计分器UITests" */;
			buildPhases = (
				33FA9FBF1CCE3C6B00F74FF3 /* Sources */,
				33FA9FC01CCE3C6B00F74FF3 /* Frameworks */,
				33FA9FC11CCE3C6B00F74FF3 /* Resources */,
			);
			buildRules = (
			);
			dependencies = (
				33FA9FC51CCE3C6B00F74FF3 /* PBXTargetDependency */,
			);
			name = "计分器UITests";
			productName = "计分器UITests";
			productReference = 33FA9FC31CCE3C6B00F74FF3 /* 计分器UITests.xctest */;
			productType = "com.apple.product-type.bundle.ui-testing";
		};
/* End PBXNativeTarget section */

/* Begin PBXProject section */
		33FA9F9C1CCE3C6A00F74FF3 /* Project object */ = {
			isa = PBXProject;
			attributes = {
				LastSwiftUpdateCheck = 0720;
				LastUpgradeCheck = 0720;
				ORGANIZATIONNAME = "于丹丹";
				TargetAttributes = {
					33FA9FA31CCE3C6A00F74FF3 = {
						CreatedOnToolsVersion = 7.2;
					};
					33FA9FB71CCE3C6B00F74FF3 = {
						CreatedOnToolsVersion = 7.2;
						TestTargetID = 33FA9FA31CCE3C6A00F74FF3;
					};
					33FA9FC21CCE3C6B00F74FF3 = {
						CreatedOnToolsVersion = 7.2;
						TestTargetID = 33FA9FA31CCE3C6A00F74FF3;
					};
				};
			};
			buildConfigurationList = 33FA9F9F1CCE3C6A00F74FF3 /* Build configuration list for PBXProject "计分器" */;
			compatibilityVersion = "Xcode 3.2";
			developmentRegion = English;
			hasScannedForEncodings = 0;
			knownRegions = (
				en,
				Base,
			);
			mainGroup = 33FA9F9B1CCE3C6A00F74FF3;
			productRefGroup = 33FA9FA51CCE3C6A00F74FF3 /* Products */;
			projectDirPath = "";
			projectRoot = "";
			targets = (
				33FA9FA31CCE3C6A00F74FF3 /* 计分器 */,
				33FA9FB71CCE3C6B00F74FF3 /* 计分器Tests */,
				33FA9FC21CCE3C6B00F74FF3 /* 计分器UITests */,
			);
		};
/* End PBXProject section */

/* Begin PBXResourcesBuildPhase section */
		33FA9FA21CCE3C6A00F74FF3 /* Resources */ = {
			isa = PBXResourcesBuildPhase;
			buildActionMask = 2147483647;
			files = (
				BE85BD271D19625D008BFE86 /* qishi.jpg in Resources */,
				33FA9FB21CCE3C6B00F74FF3 /* LaunchScreen.storyboard in Resources */,
				33647AED1D04209C007FDF2F /* data.db in Resources */,
				33FA9FAF1CCE3C6B00F74FF3 /* Assets.xcassets in Resources */,
				33FA9FAD1CCE3C6A00F74FF3 /* Main.storyboard in Resources */,
				BE85BD251D196256008BFE86 /* laoying.jpg in Resources */,
			);
			runOnlyForDeploymentPostprocessing = 0;
		};
		33FA9FB61CCE3C6B00F74FF3 /* Resources */ = {
			isa = PBXResourcesBuildPhase;
			buildActionMask = 2147483647;
			files = (
			);
			runOnlyForDeploymentPostprocessing = 0;
		};
		33FA9FC11CCE3C6B00F74FF3 /* Resources */ = {
			isa = PBXResourcesBuildPhase;
			buildActionMask = 2147483647;
			files = (
			);
			runOnlyForDeploymentPostprocessing = 0;
		};
/* End PBXResourcesBuildPhase section */

/* Begin PBXSourcesBuildPhase section */
		33FA9FA01CCE3C6A00F74FF3 /* Sources */ = {
			isa = PBXSourcesBuildPhase;
			buildActionMask = 2147483647;
			files = (
				33647AFE1D0421A0007FDF2F /* String-Extras.swift in Sources */,
				33647AFC1D0421A0007FDF2F /* SQLiteDB.swift in Sources */,
				33647AFD1D0421A0007FDF2F /* SQLTable.swift in Sources */,
				33FA9FAA1CCE3C6A00F74FF3 /* ViewController.swift in Sources */,
				33FA9FA81CCE3C6A00F74FF3 /* AppDelegate.swift in Sources */,
			);
			runOnlyForDeploymentPostprocessing = 0;
		};
		33FA9FB41CCE3C6B00F74FF3 /* Sources */ = {
			isa = PBXSourcesBuildPhase;
			buildActionMask = 2147483647;
			files = (
				33FA9FBD1CCE3C6B00F74FF3 /* ___Tests.swift in Sources */,
			);
			runOnlyForDeploymentPostprocessing = 0;
		};
		33FA9FBF1CCE3C6B00F74FF3 /* Sources */ = {
			isa = PBXSourcesBuildPhase;
			buildActionMask = 2147483647;
			files = (
				33FA9FC81CCE3C6B00F74FF3 /* ___UITests.swift in Sources */,
			);
			runOnlyForDeploymentPostprocessing = 0;
		};
/* End PBXSourcesBuildPhase section */

/* Begin PBXTargetDependency section */
		33FA9FBA1CCE3C6B00F74FF3 /* PBXTargetDependency */ = {
			isa = PBXTargetDependency;
			target = 33FA9FA31CCE3C6A00F74FF3 /* 计分器 */;
			targetProxy = 33FA9FB91CCE3C6B00F74FF3 /* PBXContainerItemProxy */;
		};
		33FA9FC51CCE3C6B00F74FF3 /* PBXTargetDependency */ = {
			isa = PBXTargetDependency;
			target = 33FA9FA31CCE3C6A00F74FF3 /* 计分器 */;
			targetProxy = 33FA9FC41CCE3C6B00F74FF3 /* PBXContainerItemProxy */;
		};
/* End PBXTargetDependency section */

/* Begin PBXVariantGroup section */
		33FA9FAB1CCE3C6A00F74FF3 /* Main.storyboard */ = {
			isa = PBXVariantGroup;
			children = (
				33FA9FAC1CCE3C6A00F74FF3 /* Base */,
			);
			name = Main.storyboard;
			sourceTree = "<group>";
		};
		33FA9FB01CCE3C6B00F74FF3 /* LaunchScreen.storyboard */ = {
			isa = PBXVariantGroup;
			children = (
				33FA9FB11CCE3C6B00F74FF3 /* Base */,
			);
			name = LaunchScreen.storyboard;
			sourceTree = "<group>";
		};
/* End PBXVariantGroup section */

/* Begin XCBuildConfiguration section */
		33FA9FCA1CCE3C6B00F74FF3 /* Debug */ = {
			isa = XCBuildConfiguration;
			buildSettings = {
				ALWAYS_SEARCH_USER_PATHS = NO;
				CLANG_CXX_LANGUAGE_STANDARD = "gnu++0x";
				CLANG_CXX_LIBRARY = "libc++";
				CLANG_ENABLE_MODULES = YES;
				CLANG_ENABLE_OBJC_ARC = YES;
				CLANG_WARN_BOOL_CONVERSION = YES;
				CLANG_WARN_CONSTANT_CONVERSION = YES;
				CLANG_WARN_DIRECT_OBJC_ISA_USAGE = YES_ERROR;
				CLANG_WARN_EMPTY_BODY = YES;
				CLANG_WARN_ENUM_CONVERSION = YES;
				CLANG_WARN_INT_CONVERSION = YES;
				CLANG_WARN_OBJC_ROOT_CLASS = YES_ERROR;
				CLANG_WARN_UNREACHABLE_CODE = YES;
				CLANG_WARN__DUPLICATE_METHOD_MATCH = YES;
				"CODE_SIGN_IDENTITY[sdk=iphoneos*]" = "iPhone Developer";
				COPY_PHASE_STRIP = NO;
				DEBUG_INFORMATION_FORMAT = dwarf;
				ENABLE_STRICT_OBJC_MSGSEND = YES;
				ENABLE_TESTABILITY = YES;
				GCC_C_LANGUAGE_STANDARD = gnu99;
				GCC_DYNAMIC_NO_PIC = NO;
				GCC_NO_COMMON_BLOCKS = YES;
				GCC_OPTIMIZATION_LEVEL = 0;
				GCC_PREPROCESSOR_DEFINITIONS = (
					"DEBUG=1",
					"$(inherited)",
				);
				GCC_WARN_64_TO_32_BIT_CONVERSION = YES;
				GCC_WARN_ABOUT_RETURN_TYPE = YES_ERROR;
				GCC_WARN_UNDECLARED_SELECTOR = YES;
				GCC_WARN_UNINITIALIZED_AUTOS = YES_AGGRESSIVE;
				GCC_WARN_UNUSED_FUNCTION = YES;
				GCC_WARN_UNUSED_VARIABLE = YES;
				IPHONEOS_DEPLOYMENT_TARGET = 9.2;
				MTL_ENABLE_DEBUG_INFO = YES;
				ONLY_ACTIVE_ARCH = YES;
				SDKROOT = iphoneos;
				SWIFT_OPTIMIZATION_LEVEL = "-Onone";
			};
			name = Debug;
		};
		33FA9FCB1CCE3C6B00F74FF3 /* Release */ = {
			isa = XCBuildConfiguration;
			buildSettings = {
				ALWAYS_SEARCH_USER_PATHS = NO;
				CLANG_CXX_LANGUAGE_STANDARD = "gnu++0x";
				CLANG_CXX_LIBRARY = "libc++";
				CLANG_ENABLE_MODULES = YES;
				CLANG_ENABLE_OBJC_ARC = YES;
				CLANG_WARN_BOOL_CONVERSION = YES;
				CLANG_WARN_CONSTANT_CONVERSION = YES;
				CLANG_WARN_DIRECT_OBJC_ISA_USAGE = YES_ERROR;
				CLANG_WARN_EMPTY_BODY = YES;
				CLANG_WARN_ENUM_CONVERSION = YES;
				CLANG_WARN_INT_CONVERSION = YES;
				CLANG_WARN_OBJC_ROOT_CLASS = YES_ERROR;
				CLANG_WARN_UNREACHABLE_CODE = YES;
				CLANG_WARN__DUPLICATE_METHOD_MATCH = YES;
				"CODE_SIGN_IDENTITY[sdk=iphoneos*]" = "iPhone Developer";
				COPY_PHASE_STRIP = NO;
				DEBUG_INFORMATION_FORMAT = "dwarf-with-dsym";
				ENABLE_NS_ASSERTIONS = NO;
				ENABLE_STRICT_OBJC_MSGSEND = YES;
				GCC_C_LANGUAGE_STANDARD = gnu99;
				GCC_NO_COMMON_BLOCKS = YES;
				GCC_WARN_64_TO_32_BIT_CONVERSION = YES;
				GCC_WARN_ABOUT_RETURN_TYPE = YES_ERROR;
				GCC_WARN_UNDECLARED_SELECTOR = YES;
				GCC_WARN_UNINITIALIZED_AUTOS = YES_AGGRESSIVE;
				GCC_WARN_UNUSED_FUNCTION = YES;
				GCC_WARN_UNUSED_VARIABLE = YES;
				IPHONEOS_DEPLOYMENT_TARGET = 9.2;
				MTL_ENABLE_DEBUG_INFO = NO;
				SDKROOT = iphoneos;
				VALIDATE_PRODUCT = YES;
			};
			name = Release;
		};
		33FA9FCD1CCE3C6B00F74FF3 /* Debug */ = {
			isa = XCBuildConfiguration;
			buildSettings = {
				ASSETCATALOG_COMPILER_APPICON_NAME = AppIcon;
				INFOPLIST_FILE = "计分器/Info.plist";
				LD_RUNPATH_SEARCH_PATHS = "$(inherited) @executable_path/Frameworks";
				PRODUCT_BUNDLE_IDENTIFIER = "cd.---";
				PRODUCT_NAME = "$(TARGET_NAME)";
				SWIFT_OBJC_BRIDGING_HEADER = "/Users/fzfz/Desktop/20131105783于丹丹swift-sqlite/计分器/计分器/Header.h";
			};
			name = Debug;
		};
		33FA9FCE1CCE3C6B00F74FF3 /* Release */ = {
			isa = XCBuildConfiguration;
			buildSettings = {
				ASSETCATALOG_COMPILER_APPICON_NAME = AppIcon;
				INFOPLIST_FILE = "计分器/Info.plist";
				LD_RUNPATH_SEARCH_PATHS = "$(inherited) @executable_path/Frameworks";
				PRODUCT_BUNDLE_IDENTIFIER = "cd.---";
				PRODUCT_NAME = "$(TARGET_NAME)";
				SWIFT_OBJC_BRIDGING_HEADER = "/Users/fzfz/Desktop/20131105783于丹丹swift-sqlite/计分器/计分器/Header.h";
			};
			name = Release;
		};
		33FA9FD01CCE3C6B00F74FF3 /* Debug */ = {
			isa = XCBuildConfiguration;
			buildSettings = {
				BUNDLE_LOADER = "$(TEST_HOST)";
				INFOPLIST_FILE = "计分器Tests/Info.plist";
				LD_RUNPATH_SEARCH_PATHS = "$(inherited) @executable_path/Frameworks @loader_path/Frameworks";
				PRODUCT_BUNDLE_IDENTIFIER = "cd.---Tests";
				PRODUCT_NAME = "$(TARGET_NAME)";
				TEST_HOST = "$(BUILT_PRODUCTS_DIR)/计分器.app/计分器";
			};
			name = Debug;
		};
		33FA9FD11CCE3C6B00F74FF3 /* Release */ = {
			isa = XCBuildConfiguration;
			buildSettings = {
				BUNDLE_LOADER = "$(TEST_HOST)";
				INFOPLIST_FILE = "计分器Tests/Info.plist";
				LD_RUNPATH_SEARCH_PATHS = "$(inherited) @executable_path/Frameworks @loader_path/Frameworks";
				PRODUCT_BUNDLE_IDENTIFIER = "cd.---Tests";
				PRODUCT_NAME = "$(TARGET_NAME)";
				TEST_HOST = "$(BUILT_PRODUCTS_DIR)/计分器.app/计分器";
			};
			name = Release;
		};
		33FA9FD31CCE3C6B00F74FF3 /* Debug */ = {
			isa = XCBuildConfiguration;
			buildSettings = {
				INFOPLIST_FILE = "计分器UITests/Info.plist";
				LD_RUNPATH_SEARCH_PATHS = "$(inherited) @executable_path/Frameworks @loader_path/Frameworks";
				PRODUCT_BUNDLE_IDENTIFIER = "cd.---UITests";
				PRODUCT_NAME = "$(TARGET_NAME)";
				TEST_TARGET_NAME = "计分器";
				USES_XCTRUNNER = YES;
			};
			name = Debug;
		};
		33FA9FD41CCE3C6B00F74FF3 /* Release */ = {
			isa = XCBuildConfiguration;
			buildSettings = {
				INFOPLIST_FILE = "计分器UITests/Info.plist";
				LD_RUNPATH_SEARCH_PATHS = "$(inherited) @executable_path/Frameworks @loader_path/Frameworks";
				PRODUCT_BUNDLE_IDENTIFIER = "cd.---UITests";
				PRODUCT_NAME = "$(TARGET_NAME)";
				TEST_TARGET_NAME = "计分器";
				USES_XCTRUNNER = YES;
			};
			name = Release;
		};
/* End XCBuildConfiguration section */

/* Begin XCConfigurationList section */
		33FA9F9F1CCE3C6A00F74FF3 /* Build configuration list for PBXProject "计分器" */ = {
			isa = XCConfigurationList;
			buildConfigurations = (
				33FA9FCA1CCE3C6B00F74FF3 /* Debug */,
				33FA9FCB1CCE3C6B00F74FF3 /* Release */,
			);
			defaultConfigurationIsVisible = 0;
			defaultConfigurationName = Release;
		};
		33FA9FCC1CCE3C6B00F74FF3 /* Build configuration list for PBXNativeTarget "计分器" */ = {
			isa = XCConfigurationList;
			buildConfigurations = (
				33FA9FCD1CCE3C6B00F74FF3 /* Debug */,
				33FA9FCE1CCE3C6B00F74FF3 /* Release */,
			);
			defaultConfigurationIsVisible = 0;
			defaultConfigurationName = Release;
		};
		33FA9FCF1CCE3C6B00F74FF3 /* Build configuration list for PBXNativeTarget "计分器Tests" */ = {
			isa = XCConfigurationList;
			buildConfigurations = (
				33FA9FD01CCE3C6B00F74FF3 /* Debug */,
				33FA9FD11CCE3C6B00F74FF3 /* Release */,
			);
			defaultConfigurationIsVisible = 0;
			defaultConfigurationName = Release;
		};
		33FA9FD21CCE3C6B00F74FF3 /* Build configuration list for PBXNativeTarget "计分器UITests" */ = {
			isa = XCConfigurationList;
			buildConfigurations = (
				33FA9FD31CCE3C6B00F74FF3 /* Debug */,
				33FA9FD41CCE3C6B00F74FF3 /* Release */,
			);
			defaultConfigurationIsVisible = 0;
			defaultConfigurationName = Release;
		};
/* End XCConfigurationList section */
	};
	rootObject = 33FA9F9C1CCE3C6A00F74FF3 /* Project object */;
}
